
Microsoft Visual Studio Solution File, Format Version 12.00
# Visual Studio Version 16
VisualStudioVersion = 16.0.29403.142
MinimumVisualStudioVersion = 10.0.40219.1
Project("{9A19103F-16F7-4668-BE54-9A1E7A4F7556}") = "TextToSpeech.Console", "TextToSpeech.Console\TextToSpeech.Console.csproj", "{BD7B9E79-F514-4A39-B6F5-85F34513157C}"
EndProject
Project("{2150E333-8FDC-42A3-9474-1A3956D46DE8}") = "TextToSpeech.Engines", "TextToSpeech.Engines", "{0AD9DD58-CB90-4FAD-8CE7-A55DA77AEFB2}"
EndProject
Project("{FAE04EC0-301F-11D3-BF4B-00C04F79EFBC}") = "TextToSpeech.Common", "TextToSpeech.Common\TextToSpeech.Common.csproj", "{35BFD892-8ECD-4645-AF99-5B0CA97CBE24}"
EndProject
Project("{2150E333-8FDC-42A3-9474-1A3956D46DE8}") = "TextToSpeech.Engines.Google", "TextToSpeech.Engines\TextToSpeech.Engines.Google", "{692546E5-0ED5-4073-B98B-EB75537466C5}"
EndProject
Project("{9A19103F-16F7-4668-BE54-9A1E7A4F7556}") = "TextToSpeech.Engines.Google.WaveNet", "TextToSpeech.Engines\TextToSpeech.Engines.Google\TextToSpeech.Engines.Google.WaveNet\TextToSpeech.Engines.Google.WaveNet.csproj", "{C5F35C69-984F-4885-AAED-C389A8D9FE67}"
EndProject
Global
	GlobalSection(SolutionConfigurationPlatforms) = preSolution
		Debug|Any CPU = Debug|Any CPU
		Release|Any CPU = Release|Any CPU
	EndGlobalSection
	GlobalSection(ProjectConfigurationPlatforms) = postSolution
		{BD7B9E79-F514-4A39-B6F5-85F34513157C}.Debug|Any CPU.ActiveCfg = Debug|Any CPU
		{BD7B9E79-F514-4A39-B6F5-85F34513157C}.Debug|Any CPU.Build.0 = Debug|Any CPU
		{BD7B9E79-F514-4A39-B6F5-85F34513157C}.Release|Any CPU.ActiveCfg = Release|Any CPU
		{BD7B9E79-F514-4A39-B6F5-85F34513157C}.Release|Any CPU.Build.0 = Release|Any CPU
		{C5F35C69-984F-4885-AAED-C389A8D9FE67}.Debug|Any CPU.ActiveCfg = Debug|Any CPU
		{C5F35C69-984F-4885-AAED-C389A8D9FE67}.Debug|Any CPU.Build.0 = Debug|Any CPU
		{C5F35C69-984F-4885-AAED-C389A8D9FE67}.Release|Any CPU.ActiveCfg = Release|Any CPU
		{C5F35C69-984F-4885-AAED-C389A8D9FE67}.Release|Any CPU.Build.0 = Release|Any CPU
		{35BFD892-8ECD-4645-AF99-5B0CA97CBE24}.Debug|Any CPU.ActiveCfg = Debug|Any CPU
		{35BFD892-8ECD-4645-AF99-5B0CA97CBE24}.Debug|Any CPU.Build.0 = Debug|Any CPU
		{35BFD892-8ECD-4645-AF99-5B0CA97CBE24}.Release|Any CPU.ActiveCfg = Release|Any CPU
		{35BFD892-8ECD-4645-AF99-5B0CA97CBE24}.Release|Any CPU.Build.0 = Release|Any CPU
	EndGlobalSection
	GlobalSection(SolutionProperties) = preSolution
		HideSolutionNode = FALSE
	EndGlobalSection
	GlobalSection(NestedProjects) = preSolution
		{692546E5-0ED5-4073-B98B-EB75537466C5} = {0AD9DD58-CB90-4FAD-8CE7-A55DA77AEFB2}
		{C5F35C69-984F-4885-AAED-C389A8D9FE67} = {692546E5-0ED5-4073-B98B-EB75537466C5}
	EndGlobalSection
	GlobalSection(ExtensibilityGlobals) = postSolution
		SolutionGuid = {B86D2A8F-472D-4F57-B8C5-295661FA2351}
	EndGlobalSection
EndGlobal
